Microsoft Visual Studio Solution File, Format Version 11.00
# Visual Studio 2008

Project("{8CDEA25F-042D-3D93-1B3E-A8F9561BE3A0}") = "UNOir", "Assembly-CSharp.csproj", "{C8AC7687-DC0D-EE1A-2EDB-F236C5AA30F9}"
EndProject
Project("{8CDEA25F-042D-3D93-1B3E-A8F9561BE3A0}") = "UNOir", "Assembly-CSharp-Editor.csproj", "{FD04F993-16B9-C3BD-98BC-3C5EF078F8DF}"
EndProject
Project("{8CDEA25F-042D-3D93-1B3E-A8F9561BE3A0}") = "UNOir", "Assembly-UnityScript.unityproj", "{0911CD2A-2A99-CBDF-8852-66359CAEE62D}"
EndProject
Global
	GlobalSection(SolutionConfigurationPlatforms) = preSolution
		Debug|Any CPU = Debug|Any CPU
		Release|Any CPU = Release|Any CPU
	EndGlobalSection
	GlobalSection(ProjectConfigurationPlatforms) = postSolution
		{C8AC7687-DC0D-EE1A-2EDB-F236C5AA30F9}.Debug|Any CPU.ActiveCfg = Debug|Any CPU
		{C8AC7687-DC0D-EE1A-2EDB-F236C5AA30F9}.Debug|Any CPU.Build.0 = Debug|Any CPU
		{C8AC7687-DC0D-EE1A-2EDB-F236C5AA30F9}.Release|Any CPU.ActiveCfg = Release|Any CPU
		{C8AC7687-DC0D-EE1A-2EDB-F236C5AA30F9}.Release|Any CPU.Build.0 = Release|Any CPU
		{FD04F993-16B9-C3BD-98BC-3C5EF078F8DF}.Debug|Any CPU.ActiveCfg = Debug|Any CPU
		{FD04F993-16B9-C3BD-98BC-3C5EF078F8DF}.Debug|Any CPU.Build.0 = Debug|Any CPU
		{FD04F993-16B9-C3BD-98BC-3C5EF078F8DF}.Release|Any CPU.ActiveCfg = Release|Any CPU
		{FD04F993-16B9-C3BD-98BC-3C5EF078F8DF}.Release|Any CPU.Build.0 = Release|Any CPU
		{0911CD2A-2A99-CBDF-8852-66359CAEE62D}.Debug|Any CPU.ActiveCfg = Debug|Any CPU
		{0911CD2A-2A99-CBDF-8852-66359CAEE62D}.Debug|Any CPU.Build.0 = Debug|Any CPU
		{0911CD2A-2A99-CBDF-8852-66359CAEE62D}.Release|Any CPU.ActiveCfg = Release|Any CPU
		{0911CD2A-2A99-CBDF-8852-66359CAEE62D}.Release|Any CPU.Build.0 = Release|Any CPU
	EndGlobalSection
	GlobalSection(SolutionProperties) = preSolution
		HideSolutionNode = FALSE
	EndGlobalSection
	GlobalSection(MonoDevelopProperties) = preSolution
		Policies = $0
		$0.TextStylePolicy = $1
		$1.FileWidth = 120
		$1.inheritsSet = VisualStudio
		$1.inheritsScope = text/plain
		$1.scope = text/x-csharp
		$0.CSharpFormattingPolicy = $2
		$2.AfterDelegateDeclarationParameterComma = True
		$2.inheritsSet = Mono
		$2.inheritsScope = text/x-csharp
		$2.scope = text/x-csharp
	EndGlobalSection
EndGlobal
